
Microsoft Visual Studio Solution File, Format Version 12.00
# Visual Studio Version 16
VisualStudioVersion = 16.0.29911.84
MinimumVisualStudioVersion = 10.0.40219.1
Project("{FAE04EC0-301F-11D3-BF4B-00C04F79EFBC}") = "EmanuelOrellana", "EmanuelOrellana\EmanuelOrellana.csproj", "{D31850EC-FC06-43A5-BABC-2F7B125C23C5}"
EndProject
Global
	GlobalSection(SolutionConfigurationPlatforms) = preSolution
		Debug|Any CPU = Debug|Any CPU
		Release|Any CPU = Release|Any CPU
	EndGlobalSection
	GlobalSection(ProjectConfigurationPlatforms) = postSolution
		{D31850EC-FC06-43A5-BABC-2F7B125C23C5}.Debug|Any CPU.ActiveCfg = Debug|Any CPU
		{D31850EC-FC06-43A5-BABC-2F7B125C23C5}.Debug|Any CPU.Build.0 = Debug|Any CPU
		{D31850EC-FC06-43A5-BABC-2F7B125C23C5}.Release|Any CPU.ActiveCfg = Release|Any CPU
		{D31850EC-FC06-43A5-BABC-2F7B125C23C5}.Release|Any CPU.Build.0 = Release|Any CPU
	EndGlobalSection
	GlobalSection(SolutionProperties) = preSolution
		HideSolutionNode = FALSE
	EndGlobalSection
	GlobalSection(ExtensibilityGlobals) = postSolution
		SolutionGuid = {0378F83E-BD76-4C00-BDB8-26488B56CDA6}
	EndGlobalSection
EndGlobal
